Microsoft Visual Studio Solution File, Format Version 12.00
# Visual Studio Version 16
VisualStudioVersion = 16.0.31624.102
MinimumVisualStudioVersion = 10.0.40219.1
Project("{9A19103F-16F7-4668-BE54-9A1E7A4F7556}") = "ZeroTechImplant", "LingGame\ZeroTechImplant.csproj", "{70B009CE-0554-4E08-ADF1-11DAD2A92F90}"
EndProject
Global
	GlobalSection(SolutionConfigurationPlatforms) = preSolution
		Debug|Any CPU = Debug|Any CPU
		Release|Any CPU = Release|Any CPU
	EndGlobalSection
	GlobalSection(ProjectConfigurationPlatforms) = postSolution
		{70B009CE-0554-4E08-ADF1-11DAD2A92F90}.Debug|Any CPU.ActiveCfg = Debug|Any CPU
		{70B009CE-0554-4E08-ADF1-11DAD2A92F90}.Debug|Any CPU.Build.0 = Debug|Any CPU
		{70B009CE-0554-4E08-ADF1-11DAD2A92F90}.Release|Any CPU.ActiveCfg = Release|Any CPU
		{70B009CE-0554-4E08-ADF1-11DAD2A92F90}.Release|Any CPU.Build.0 = Release|Any CPU
	EndGlobalSection
	GlobalSection(SolutionProperties) = preSolution
		HideSolutionNode = FALSE
	EndGlobalSection
	GlobalSection(ExtensibilityGlobals) = postSolution
		SolutionGuid = {4fc73d33-33ce-4f9b-a348-90faa9a3057b}
	EndGlobalSection
EndGlobal
